
Microsoft Visual Studio Solution File, Format Version 12.00
# Visual Studio Version 17
VisualStudioVersion = 17.11.35327.3
MinimumVisualStudioVersion = 10.0.40219.1
Project("{FAE04EC0-301F-11D3-BF4B-00C04F79EFBC}") = "MauiAppHotel", "MauiAppHotel\MauiAppHotel.csproj", "{2FFED737-E385-4D8A-A61B-3D15A64EE10A}"
EndProject
Global
	GlobalSection(SolutionConfigurationPlatforms) = preSolution
		Debug|Any CPU = Debug|Any CPU
		Release|Any CPU = Release|Any CPU
	EndGlobalSection
	GlobalSection(ProjectConfigurationPlatforms) = postSolution
		{2FFED737-E385-4D8A-A61B-3D15A64EE10A}.Debug|Any CPU.ActiveCfg = Debug|Any CPU
		{2FFED737-E385-4D8A-A61B-3D15A64EE10A}.Debug|Any CPU.Build.0 = Debug|Any CPU
		{2FFED737-E385-4D8A-A61B-3D15A64EE10A}.Debug|Any CPU.Deploy.0 = Debug|Any CPU
		{2FFED737-E385-4D8A-A61B-3D15A64EE10A}.Release|Any CPU.ActiveCfg = Release|Any CPU
		{2FFED737-E385-4D8A-A61B-3D15A64EE10A}.Release|Any CPU.Build.0 = Release|Any CPU
		{2FFED737-E385-4D8A-A61B-3D15A64EE10A}.Release|Any CPU.Deploy.0 = Release|Any CPU
	EndGlobalSection
	GlobalSection(SolutionProperties) = preSolution
		HideSolutionNode = FALSE
	EndGlobalSection
	GlobalSection(ExtensibilityGlobals) = postSolution
		SolutionGuid = {3BC9207A-79EE-4E56-A35C-FA5AEEAF7BF4}
	EndGlobalSection
EndGlobal
